<?xml version="1.0" encoding="UTF-8" standalone="yes" ?>
<CodeBlocks_project_file>
	<FileVersion major="1" minor="6" />
	<Project>
		<Option title="desteer" />
		<Option pch_mode="2" />
		<Option compiler="gcc" />
		<Build>
			<Target title="Debug">
				<Option output="lib\libdesteer" prefix_auto="1" extension_auto="1" />
				<Option working_dir="" />
				<Option object_output="obj\Debug\" />
				<Option type="2" />
				<Option compiler="gcc" />
				<Compiler>
					<Add option="-g" />
				</Compiler>
			</Target>
			<Target title="Release">
				<Option output="lib\libdesteer" prefix_auto="1" extension_auto="1" />
				<Option working_dir="" />
				<Option object_output="obj\Release\" />
				<Option type="2" />
				<Option compiler="gcc" />
				<Compiler>
					<Add option="-fexpensive-optimizations" />
					<Add option="-O3" />
				</Compiler>
				<Linker>
					<Add option="-s" />
				</Linker>
			</Target>
			<Target title="DropEcho-Wayup-Debug">
				<Option output="lib\libdesteer" prefix_auto="1" extension_auto="1" />
				<Option working_dir="" />
				<Option object_output="obj\Debug\" />
				<Option type="2" />
				<Option compiler="gcc" />
				<Compiler>
					<Add option="-g" />
					<Add directory="..\dmalloc" />
				</Compiler>
			</Target>
			<Target title="Debug Windows">
				<Option output="lib\libdesteer" prefix_auto="1" extension_auto="1" />
				<Option working_dir="" />
				<Option object_output="obj\Debug\" />
				<Option type="2" />
				<Option compiler="gcc" />
				<Compiler>
					<Add option="-g" />
				</Compiler>
			</Target>
		</Build>
		<VirtualTargets>
			<Add alias="Linux" targets="Release;" />
			<Add alias="Win32" targets="Release;" />
		</VirtualTargets>
		<Compiler>
			<Add option="-Wall" />
			<Add directory="include" />
		</Compiler>
		<Unit filename="include\desteer\Types.hpp" />
		<Unit filename="include\desteer\VectorTransformer.hpp" />
		<Unit filename="include\desteer\behavior\AlignmentBehavior.hpp" />
		<Unit filename="include\desteer\behavior\ArriveBehavior.hpp" />
		<Unit filename="include\desteer\behavior\CohesionBehavior.hpp" />
		<Unit filename="include\desteer\behavior\EvadeBehavior.hpp" />
		<Unit filename="include\desteer\behavior\FleeBehavior.hpp" />
		<Unit filename="include\desteer\behavior\HideBehavior.hpp" />
		<Unit filename="include\desteer\behavior\ISteeringBehavior.hpp" />
		<Unit filename="include\desteer\behavior\InterposeBehavior.hpp" />
		<Unit filename="include\desteer\behavior\ObstacleAvoidanceBehavior.hpp" />
		<Unit filename="include\desteer\behavior\PursuitBehavior.hpp" />
		<Unit filename="include\desteer\behavior\SeekBehavior.hpp" />
		<Unit filename="include\desteer\behavior\SeperationBehavior.hpp" />
		<Unit filename="include\desteer\behavior\WanderBehavior.hpp" />
		<Unit filename="include\desteer\controller\FluentSimpleController.hpp" />
		<Unit filename="include\desteer\controller\ISteeringController.hpp" />
		<Unit filename="include\desteer\controller\ModularSteeringController.hpp" />
		<Unit filename="include\desteer\controller\SimpleSteeringController.hpp" />
		<Unit filename="include\desteer\entity\IBaseEntity.hpp" />
		<Unit filename="include\desteer\entity\IEntitySpace.hpp" />
		<Unit filename="include\desteer\entity\IMobileEntity.hpp" />
		<Unit filename="include\desteer\entity\MobileEntity.hpp" />
		<Unit filename="include\desteer\spatial\ISpatialQueryable.hpp" />
		<Unit filename="include\desteer\spatial\octree.hpp" />
		<Unit filename="include\irrvector\irrMath.h" />
		<Unit filename="include\irrvector\irrTypes.h" />
		<Unit filename="include\irrvector\matrix4.h" />
		<Unit filename="include\irrvector\vector3d.h" />
		<Unit filename="source\behavior\AlignmentBehavior.cpp" />
		<Unit filename="source\behavior\ArriveBehavior.cpp" />
		<Unit filename="source\behavior\CohesionBehavior.cpp" />
		<Unit filename="source\behavior\EvadeBehavior.cpp" />
		<Unit filename="source\behavior\FleeBehavior.cpp" />
		<Unit filename="source\behavior\HideBehavior.cpp" />
		<Unit filename="source\behavior\InterposeBehavior.cpp" />
		<Unit filename="source\behavior\ObstacleAvoidanceBehavior.cpp" />
		<Unit filename="source\behavior\PursuitBehavior.cpp" />
		<Unit filename="source\behavior\SeekBehavior.cpp" />
		<Unit filename="source\behavior\SeperationBehavior.cpp" />
		<Unit filename="source\behavior\WanderBehavior.cpp" />
		<Unit filename="source\controller\FluentSimpleController.cpp" />
		<Unit filename="source\controller\ModularSteeringController.cpp" />
		<Unit filename="source\controller\SimpleSteeringController.cpp" />
		<Unit filename="source\spatial\octree.cpp" />
		<Extensions>
			<code_completion />
			<debugger />
			<envvars />
		</Extensions>
	</Project>
</CodeBlocks_project_file>
