<?xml version="1.0" encoding="UTF-8" standalone="yes" ?>
<CodeBlocks_project_file>
	<FileVersion major="1" minor="6" />
	<Project>
		<Option title="DESteer" />
		<Option pch_mode="2" />
		<Option compiler="gcc" />
		<Build>
			<Target title="Debug">
				<Option output="bin/DESteer" prefix_auto="1" extension_auto="1" />
				<Option working_dir="bin" />
				<Option object_output="obj/Debug/" />
				<Option type="1" />
				<Option compiler="gcc" />
				<Compiler>
					<Add option="-g" />
				</Compiler>
			</Target>
			<Target title="Release">
				<Option output="bin/DESteer" prefix_auto="1" extension_auto="1" />
				<Option working_dir="bin" />
				<Option object_output="obj/Release/" />
				<Option type="1" />
				<Option compiler="gcc" />
				<Compiler>
					<Add option="-fexpensive-optimizations" />
					<Add option="-O3" />
				</Compiler>
				<Linker>
					<Add option="-s" />
				</Linker>
			</Target>
		</Build>
		<Compiler>
			<Add option="-Wall" />
			<Add directory="Include" />
		</Compiler>
		<Linker>
			<Add library="lib/libIrrlicht.a" />
		</Linker>
		<Unit filename="Include/desteer/Types.hpp" />
		<Unit filename="Include/desteer/behavior/ArriveBehavior.hpp" />
		<Unit filename="Include/desteer/behavior/EvadeBehavior.hpp" />
		<Unit filename="Include/desteer/behavior/FleeBehavior.hpp" />
		<Unit filename="Include/desteer/behavior/HideBehavior.hpp" />
		<Unit filename="Include/desteer/behavior/ISteeringBehavior.hpp" />
		<Unit filename="Include/desteer/behavior/ObstacleAvoidanceBehavior.hpp" />
		<Unit filename="Include/desteer/behavior/PursuitBehavior.hpp" />
		<Unit filename="Include/desteer/behavior/SeekBehavior.hpp" />
		<Unit filename="Include/desteer/behavior/WanderBehavior.hpp" />
		<Unit filename="Include/desteer/controller/ISteeringController.hpp" />
		<Unit filename="Include/desteer/controller/ModularSteeringController.hpp" />
		<Unit filename="Include/desteer/controller/SimpleSteeringController.hpp" />
		<Unit filename="Include/desteer/entity/IBaseEntity.hpp" />
		<Unit filename="Include/desteer/entity/IEntitySpace.hpp" />
		<Unit filename="Include/desteer/entity/IMobileEntity.hpp" />
		<Unit filename="Include/desteer/entity/IrrlichtBaseEntity.hpp" />
		<Unit filename="Include/desteer/entity/IrrlichtMobileEntity.hpp" />
		<Unit filename="Source/FleeBehavior.cpp" />
		<Unit filename="Source/IrrlichtMobileEntity.cpp" />
		<Unit filename="Source/ModularSteeringController.cpp" />
		<Unit filename="Source/SeekBehavior.cpp" />
		<Unit filename="Source/SimpleSteeringController.cpp" />
		<Unit filename="Source/main.cpp" />
		<Extensions>
			<code_completion />
			<debugger />
		</Extensions>
	</Project>
</CodeBlocks_project_file>
