<?xml version="1.0" encoding="UTF-8" standalone="yes" ?>
<CodeBlocks_project_file>
	<FileVersion major="1" minor="6" />
	<Project>
		<Option title="Example With Irrlicht" />
		<Option pch_mode="2" />
		<Option compiler="gcc" />
		<Build>
			<Target title="Debug">
				<Option platforms="Windows;" />
				<Option output="bin/Example With Irrlicht" prefix_auto="1" extension_auto="1" />
				<Option working_dir="bin" />
				<Option object_output="obj/Debug/" />
				<Option type="1" />
				<Option compiler="gcc" />
				<Compiler>
					<Add option="-g" />
				</Compiler>
			</Target>
			<Target title="Release">
				<Option output="bin/Release/Example With Irrlicht" prefix_auto="1" extension_auto="1" />
				<Option object_output="obj/Release/" />
				<Option type="1" />
				<Option compiler="gcc" />
				<Compiler>
					<Add option="-O2" />
				</Compiler>
				<Linker>
					<Add option="-s" />
				</Linker>
			</Target>
			<Target title="Debug-Linux">
				<Option platforms="Unix;" />
				<Option output="bin/Example With Irrlicht" prefix_auto="1" extension_auto="1" />
				<Option working_dir="bin" />
				<Option object_output="obj/Debug/" />
				<Option type="1" />
				<Option compiler="gcc" />
				<Compiler>
					<Add option="-g" />
				</Compiler>
				<Linker>
					<Add option="-L/usr/X11R6/lib" />
					<Add option="-L../../lib/Linux" />
					<Add option="-lGL" />
					<Add option="-lXxf86vm" />
					<Add option="-lXext" />
					<Add option="-lX11" />
					<Add option="-ldl" />
					<Add option="-lpthread" />
					<Add library="../../lib/libdesteer.a" />
					<Add library="../../../LikeMagic-All/irrlicht/lib/Linux/libIrrlicht.a" />
				</Linker>
			</Target>
		</Build>
		<Compiler>
			<Add option="-Wall" />
			<Add directory="../../include" />
			<Add directory="../../../LikeMagic-All/irrlicht/include" />
		</Compiler>
		<Unit filename="source/IrrlichtBaseEntity.hpp" />
		<Unit filename="source/IrrlichtMobileEntity.cpp" />
		<Unit filename="source/IrrlichtMobileEntity.hpp" />
		<Unit filename="source/main.cpp" />
		<Extensions>
			<code_completion />
			<debugger />
		</Extensions>
	</Project>
</CodeBlocks_project_file>
